{
  "lockfileVersion": 1,
  "configVersion": 1,
  "workspaces": {
    "": {
      "name": "release-check",
    },
    "apps/api": {
      "name": "@release-check/api",
      "dependencies": {
        "hono": "^4.6.0",
      },
      "devDependencies": {
        "bun-types": "^1.3.14",
        "typescript": "^5.6.0",
      },
    },
    "apps/web": {
      "name": "@release-check/web",
      "devDependencies": {
        "bun-types": "^1.3.14",
        "typescript": "^5.6.0",
      },
    },
    "packages/rc-sdk-js": {
      "name": "@release-check/sdk-js",
      "version": "0.1.0",
      "devDependencies": {
        "typescript": "^5.6.0",
      },
    },
  },
  "packages": {
    "@release-check/api": ["@release-check/api@workspace:apps/api"],

    "@release-check/sdk-js": ["@release-check/sdk-js@workspace:packages/rc-sdk-js"],

    "@release-check/web": ["@release-check/web@workspace:apps/web"],

    "@types/node": ["@types/node@26.1.0", "", { "dependencies": { "undici-types": "~8.3.0" } }, "sha512-O0A1G3xPGy4w7AgQdAQYUlQ+BKk2Oovw8eRpofyp5KdBZULnbe+WqaOVNrm705SHphCiG4XHsACrSmPu1f+Kgw=="],

    "bun-types": ["bun-types@1.3.14", "", { "dependencies": { "@types/node": "*" } }, "sha512-4N0ig0fEomHt5R0KCFWjovxow98rIoRwKolrYdCcknNwMekCXRnWEUvgu5soYV8QXtVsrUD8B95MBOZGPvr6KQ=="],

    "hono": ["hono@4.12.27", "", {}, "sha512-1yrb/+w6HWQJrUCLkJ2IF5jNIPvvFkblV5RNOYl6bV+OA6p9GLcMpHFFGTosSvHvcAUibuUukRqhlYI4z32C7Q=="],

    "typescript": ["typescript@5.9.3", "", { "bin": { "tsc": "bin/tsc", "tsserver": "bin/tsserver" } }, "sha512-jl1vZzPDinLr9eUt3J/t7V6FgNEw9QjvBPdysz9KfQDD41fQrC2Y4vKQdiaUpFT4bXlb1RHhLpp8wtm6M5TgSw=="],

    "undici-types": ["undici-types@8.3.0", "", {}, "sha512-j375ScV60dom+YkPFIfTLcOiPxkN/buHz5GobjLhixFuANaNs3C9l4GmrWqejgXWJ7BbJcFYpTEUkS1Ge8bpZQ=="],
  }
}
